<?xml version="1.0" encoding="utf-8"?>
<Project ToolsVersion="4.0" xmlns="http://schemas.microsoft.com/developer/msbuild/2003">
  <ItemGroup>
    <Filter Include="Source Files">
      <UniqueIdentifier>{4FC737F1-C7A5-4376-A066-2A32D752A2FF}</UniqueIdentifier>
      <Extensions>cpp;c;cc;cxx;c++;cppm;ixx;def;odl;idl;hpj;bat;asm;asmx</Extensions>
    </Filter>
    <Filter Include="Header Files">
      <UniqueIdentifier>{93995380-89BD-4b04-88EB-625FBE52EBFB}</UniqueIdentifier>
      <Extensions>h;hh;hpp;hxx;h++;hm;inl;inc;ipp;xsd</Extensions>
    </Filter>
    <Filter Include="Resource Files">
      <UniqueIdentifier>{67DA6AB6-F800-4c08-8B7A-83BB121AAD01}</UniqueIdentifier>
      <Extensions>rc;ico;cur;bmp;dlg;rc2;rct;bin;rgs;gif;jpg;jpeg;jpe;resx;tiff;tif;png;wav;mfcribbon-ms</Extensions>
    </Filter>
    <Filter Include="Header Files\Trees">
      <UniqueIdentifier>{9b545375-b1ad-40ae-88fe-7adc2cabbfc9}</UniqueIdentifier>
    </Filter>
    <Filter Include="Header Files\Testing">
      <UniqueIdentifier>{3e72d3eb-79d8-469a-96e1-874d622f6ac3}</UniqueIdentifier>
    </Filter>
    <Filter Include="Header Files\Rendering">
      <UniqueIdentifier>{b3c8d3ff-2e31-408a-9620-97676a8e0dec}</UniqueIdentifier>
    </Filter>
    <Filter Include="Header Files\Trees\Trie">
      <UniqueIdentifier>{95f686f1-f72a-4262-8b92-8b6d6d37065c}</UniqueIdentifier>
    </Filter>
  </ItemGroup>
  <ItemGroup>
    <ClCompile Include="DataStructures-Algorhitms.cpp">
      <Filter>Source Files</Filter>
    </ClCompile>
  </ItemGroup>
  <ItemGroup>
    <ClInclude Include="Graph.h">
      <Filter>Header Files</Filter>
    </ClInclude>
    <ClInclude Include="GraphNode.h">
      <Filter>Header Files</Filter>
    </ClInclude>
    <ClInclude Include="BinarySearchTree.hpp">
      <Filter>Header Files\Trees</Filter>
    </ClInclude>
    <ClInclude Include="BinaryTree.hpp">
      <Filter>Header Files\Trees</Filter>
    </ClInclude>
    <ClInclude Include="RedBlackTree.hpp">
      <Filter>Header Files\Trees</Filter>
    </ClInclude>
    <ClInclude Include="TreeInterface.hpp">
      <Filter>Header Files\Trees</Filter>
    </ClInclude>
    <ClInclude Include="TreeUtility.hpp">
      <Filter>Header Files\Trees</Filter>
    </ClInclude>
    <ClInclude Include="TreeNode.hpp">
      <Filter>Header Files\Trees</Filter>
    </ClInclude>
    <ClInclude Include="AVLTesting.hpp">
      <Filter>Header Files\Testing</Filter>
    </ClInclude>
    <ClInclude Include="ConsoleRenderer.hpp">
      <Filter>Header Files\Rendering</Filter>
    </ClInclude>
    <ClInclude Include="DrawableNode.hpp">
      <Filter>Header Files\Rendering</Filter>
    </ClInclude>
    <ClInclude Include="Drawable.hpp">
      <Filter>Header Files</Filter>
    </ClInclude>
    <ClInclude Include="ConsoleDrawbale.hpp">
      <Filter>Header Files\Rendering</Filter>
    </ClInclude>
    <ClInclude Include="AVLTree.hpp">
      <Filter>Header Files\Trees</Filter>
    </ClInclude>
    <ClInclude Include="Heap.hpp">
      <Filter>Header Files\Trees</Filter>
    </ClInclude>
    <ClInclude Include="SortingAlghoritms.hpp">
      <Filter>Header Files</Filter>
    </ClInclude>
    <ClInclude Include="Trie.hpp">
      <Filter>Header Files\Trees\Trie</Filter>
    </ClInclude>
  </ItemGroup>
</Project>